// !$*UTF8*$!
{
	archiveVersion = 1;
	classes = {
	};
	objectVersion = 50;
	objects = {

/* Begin PBXBuildFile section */
		526040CC2276228D009ADBF7 /* AppDelegate.swift in Sources */ = {isa = PBXBuildFile; fileRef = 526040CB2276228D009ADBF7 /* AppDelegate.swift */; };
		526040CE2276228D009ADBF7 /* TravelLocationsViewController.swift in Sources */ = {isa = PBXBuildFile; fileRef = 526040CD2276228D009ADBF7 /* TravelLocationsViewController.swift */; };
		526040D12276228D009ADBF7 /* Main.storyboard in Resources */ = {isa = PBXBuildFile; fileRef = 526040CF2276228D009ADBF7 /* Main.storyboard */; };
		526040D42276228D009ADBF7 /* VirtualTourist.xcdatamodeld in Sources */ = {isa = PBXBuildFile; fileRef = 526040D22276228D009ADBF7 /* VirtualTourist.xcdatamodeld */; };
		526040D62276228E009ADBF7 /* Assets.xcassets in Resources */ = {isa = PBXBuildFile; fileRef = 526040D52276228E009ADBF7 /* Assets.xcassets */; };
		526040D92276228E009ADBF7 /* LaunchScreen.storyboard in Resources */ = {isa = PBXBuildFile; fileRef = 526040D72276228E009ADBF7 /* LaunchScreen.storyboard */; };
		526040E42276228E009ADBF7 /* VirtualTouristTests.swift in Sources */ = {isa = PBXBuildFile; fileRef = 526040E32276228E009ADBF7 /* VirtualTouristTests.swift */; };
		52DDF64622974297006665E9 /* PhotoCollectionViewCell.swift in Sources */ = {isa = PBXBuildFile; fileRef = 52DDF64522974297006665E9 /* PhotoCollectionViewCell.swift */; };
		52E3A1E4227CA0EB008320A0 /* PhotoAlbumViewController.swift in Sources */ = {isa = PBXBuildFile; fileRef = 52E3A1E3227CA0EB008320A0 /* PhotoAlbumViewController.swift */; };
		52EDF0F622A97CBE00C8A310 /* Pin+Extensions.swift in Sources */ = {isa = PBXBuildFile; fileRef = 52EDF0F522A97CBE00C8A310 /* Pin+Extensions.swift */; };
		52EDF0F822A97CD600C8A310 /* Photo+Extensions.swift in Sources */ = {isa = PBXBuildFile; fileRef = 52EDF0F722A97CD600C8A310 /* Photo+Extensions.swift */; };
		52FC55D1229B3F0F00A44904 /* APIKeys.swift in Sources */ = {isa = PBXBuildFile; fileRef = 52FC55D0229B3F0F00A44904 /* APIKeys.swift */; };
		52FC55D3229B4C5300A44904 /* FlickrClient.swift in Sources */ = {isa = PBXBuildFile; fileRef = 52FC55D2229B4C5300A44904 /* FlickrClient.swift */; };
		52FC55D9229F492D00A44904 /* FlckrPhoto.swift in Sources */ = {isa = PBXBuildFile; fileRef = 52FC55D8229F492D00A44904 /* FlckrPhoto.swift */; };
/* End PBXBuildFile section */

/* Begin PBXContainerItemProxy section */
		526040E02276228E009ADBF7 /* PBXContainerItemProxy */ = {
			isa = PBXContainerItemProxy;
			containerPortal = 526040C02276228D009ADBF7 /* Project object */;
			proxyType = 1;
			remoteGlobalIDString = 526040C72276228D009ADBF7;
			remoteInfo = VirtualTourist;
		};
/* End PBXContainerItemProxy section */

/* Begin PBXFileReference section */
		526040C82276228D009ADBF7 /* VirtualTourist.app */ = {isa = PBXFileReference; explicitFileType = wrapper.application; includeInIndex = 0; path = VirtualTourist.app; sourceTree = BUILT_PRODUCTS_DIR; };
		526040CB2276228D009ADBF7 /* AppDelegate.swift */ = {isa = PBXFileReference; lastKnownFileType = sourcecode.swift; path = AppDelegate.swift; sourceTree = "<group>"; };
		526040CD2276228D009ADBF7 /* TravelLocationsViewController.swift */ = {isa = PBXFileReference; lastKnownFileType = sourcecode.swift; path = TravelLocationsViewController.swift; sourceTree = "<group>"; };
		526040D02276228D009ADBF7 /* Base */ = {isa = PBXFileReference; lastKnownFileType = file.storyboard; name = Base; path = Base.lproj/Main.storyboard; sourceTree = "<group>"; };
		526040D32276228D009ADBF7 /* VirtualTourist.xcdatamodel */ = {isa = PBXFileReference; lastKnownFileType = wrapper.xcdatamodel; path = VirtualTourist.xcdatamodel; sourceTree = "<group>"; };
		526040D52276228E009ADBF7 /* Assets.xcassets */ = {isa = PBXFileReference; lastKnownFileType = folder.assetcatalog; path = Assets.xcassets; sourceTree = "<group>"; };
		526040D82276228E009ADBF7 /* Base */ = {isa = PBXFileReference; lastKnownFileType = file.storyboard; name = Base; path = Base.lproj/LaunchScreen.storyboard; sourceTree = "<group>"; };
		526040DA2276228E009ADBF7 /* Info.plist */ = {isa = PBXFileReference; lastKnownFileType = text.plist.xml; path = Info.plist; sourceTree = "<group>"; };
		526040DF2276228E009ADBF7 /* VirtualTouristTests.xctest */ = {isa = PBXFileReference; explicitFileType = wrapper.cfbundle; includeInIndex = 0; path = VirtualTouristTests.xctest; sourceTree = BUILT_PRODUCTS_DIR; };
		526040E32276228E009ADBF7 /* VirtualTouristTests.swift */ = {isa = PBXFileReference; lastKnownFileType = sourcecode.swift; path = VirtualTouristTests.swift; sourceTree = "<group>"; };
		526040E52276228E009ADBF7 /* Info.plist */ = {isa = PBXFileReference; lastKnownFileType = text.plist.xml; path = Info.plist; sourceTree = "<group>"; };
		52DDF64522974297006665E9 /* PhotoCollectionViewCell.swift */ = {isa = PBXFileReference; lastKnownFileType = sourcecode.swift; path = PhotoCollectionViewCell.swift; sourceTree = "<group>"; };
		52E3A1E3227CA0EB008320A0 /* PhotoAlbumViewController.swift */ = {isa = PBXFileReference; lastKnownFileType = sourcecode.swift; path = PhotoAlbumViewController.swift; sourceTree = "<group>"; };
		52EDF0F522A97CBE00C8A310 /* Pin+Extensions.swift */ = {isa = PBXFileReference; lastKnownFileType = sourcecode.swift; path = "Pin+Extensions.swift"; sourceTree = "<group>"; };
		52EDF0F722A97CD600C8A310 /* Photo+Extensions.swift */ = {isa = PBXFileReference; lastKnownFileType = sourcecode.swift; path = "Photo+Extensions.swift"; sourceTree = "<group>"; };
		52FC55D0229B3F0F00A44904 /* APIKeys.swift */ = {isa = PBXFileReference; fileEncoding = 4; lastKnownFileType = sourcecode.swift; path = APIKeys.swift; sourceTree = "<group>"; };
		52FC55D2229B4C5300A44904 /* FlickrClient.swift */ = {isa = PBXFileReference; lastKnownFileType = sourcecode.swift; path = FlickrClient.swift; sourceTree = "<group>"; };
		52FC55D8229F492D00A44904 /* FlckrPhoto.swift */ = {isa = PBXFileReference; fileEncoding = 4; lastKnownFileType = sourcecode.swift; path = FlckrPhoto.swift; sourceTree = "<group>"; };
/* End PBXFileReference section */

/* Begin PBXFrameworksBuildPhase section */
		526040C52276228D009ADBF7 /* Frameworks */ = {
			isa = PBXFrameworksBuildPhase;
			buildActionMask = 2147483647;
			files = (
			);
			runOnlyForDeploymentPostprocessing = 0;
		};
		526040DC2276228E009ADBF7 /* Frameworks */ = {
			isa = PBXFrameworksBuildPhase;
			buildActionMask = 2147483647;
			files = (
			);
			runOnlyForDeploymentPostprocessing = 0;
		};
/* End PBXFrameworksBuildPhase section */

/* Begin PBXGroup section */
		526040BF2276228D009ADBF7 = {
			isa = PBXGroup;
			children = (
				526040CA2276228D009ADBF7 /* VirtualTourist */,
				526040E22276228E009ADBF7 /* VirtualTouristTests */,
				526040C92276228D009ADBF7 /* Products */,
			);
			sourceTree = "<group>";
		};
		526040C92276228D009ADBF7 /* Products */ = {
			isa = PBXGroup;
			children = (
				526040C82276228D009ADBF7 /* VirtualTourist.app */,
				526040DF2276228E009ADBF7 /* VirtualTouristTests.xctest */,
			);
			name = Products;
			sourceTree = "<group>";
		};
		526040CA2276228D009ADBF7 /* VirtualTourist */ = {
			isa = PBXGroup;
			children = (
				526040EE227644A2009ADBF7 /* Model */,
				526040F022764CA3009ADBF7 /* View */,
				526040EF227644B1009ADBF7 /* Controller */,
				526040CB2276228D009ADBF7 /* AppDelegate.swift */,
				526040D52276228E009ADBF7 /* Assets.xcassets */,
				526040DA2276228E009ADBF7 /* Info.plist */,
			);
			path = VirtualTourist;
			sourceTree = "<group>";
		};
		526040E22276228E009ADBF7 /* VirtualTouristTests */ = {
			isa = PBXGroup;
			children = (
				526040E32276228E009ADBF7 /* VirtualTouristTests.swift */,
				526040E52276228E009ADBF7 /* Info.plist */,
			);
			path = VirtualTouristTests;
			sourceTree = "<group>";
		};
		526040EE227644A2009ADBF7 /* Model */ = {
			isa = PBXGroup;
			children = (
				52EDF0F422A97C6400C8A310 /* Managed Object Extensions */,
				52FC55CC229B3E8900A44904 /* Data */,
				52FC55CD229B3E9300A44904 /* VirtualTourist Client */,
				52FC55D0229B3F0F00A44904 /* APIKeys.swift */,
			);
			path = Model;
			sourceTree = "<group>";
		};
		526040EF227644B1009ADBF7 /* Controller */ = {
			isa = PBXGroup;
			children = (
				526040CD2276228D009ADBF7 /* TravelLocationsViewController.swift */,
				52E3A1E3227CA0EB008320A0 /* PhotoAlbumViewController.swift */,
				52DDF64522974297006665E9 /* PhotoCollectionViewCell.swift */,
			);
			path = Controller;
			sourceTree = "<group>";
		};
		526040F022764CA3009ADBF7 /* View */ = {
			isa = PBXGroup;
			children = (
				526040CF2276228D009ADBF7 /* Main.storyboard */,
				526040D72276228E009ADBF7 /* LaunchScreen.storyboard */,
			);
			path = View;
			sourceTree = "<group>";
		};
		52EDF0F422A97C6400C8A310 /* Managed Object Extensions */ = {
			isa = PBXGroup;
			children = (
				52EDF0F522A97CBE00C8A310 /* Pin+Extensions.swift */,
				52EDF0F722A97CD600C8A310 /* Photo+Extensions.swift */,
			);
			path = "Managed Object Extensions";
			sourceTree = "<group>";
		};
		52FC55CC229B3E8900A44904 /* Data */ = {
			isa = PBXGroup;
			children = (
				526040D22276228D009ADBF7 /* VirtualTourist.xcdatamodeld */,
				52FC55D8229F492D00A44904 /* FlckrPhoto.swift */,
			);
			path = Data;
			sourceTree = "<group>";
		};
		52FC55CD229B3E9300A44904 /* VirtualTourist Client */ = {
			isa = PBXGroup;
			children = (
				52FC55D2229B4C5300A44904 /* FlickrClient.swift */,
			);
			path = "VirtualTourist Client";
			sourceTree = "<group>";
		};
/* End PBXGroup section */

/* Begin PBXNativeTarget section */
		526040C72276228D009ADBF7 /* VirtualTourist */ = {
			isa = PBXNativeTarget;
			buildConfigurationList = 526040E82276228E009ADBF7 /* Build configuration list for PBXNativeTarget "VirtualTourist" */;
			buildPhases = (
				526040C42276228D009ADBF7 /* Sources */,
				526040C52276228D009ADBF7 /* Frameworks */,
				526040C62276228D009ADBF7 /* Resources */,
			);
			buildRules = (
			);
			dependencies = (
			);
			name = VirtualTourist;
			productName = VirtualTourist;
			productReference = 526040C82276228D009ADBF7 /* VirtualTourist.app */;
			productType = "com.apple.product-type.application";
		};
		526040DE2276228E009ADBF7 /* VirtualTouristTests */ = {
			isa = PBXNativeTarget;
			buildConfigurationList = 526040EB2276228E009ADBF7 /* Build configuration list for PBXNativeTarget "VirtualTouristTests" */;
			buildPhases = (
				526040DB2276228E009ADBF7 /* Sources */,
				526040DC2276228E009ADBF7 /* Frameworks */,
				526040DD2276228E009ADBF7 /* Resources */,
			);
			buildRules = (
			);
			dependencies = (
				526040E12276228E009ADBF7 /* PBXTargetDependency */,
			);
			name = VirtualTouristTests;
			productName = VirtualTouristTests;
			productReference = 526040DF2276228E009ADBF7 /* VirtualTouristTests.xctest */;
			productType = "com.apple.product-type.bundle.unit-test";
		};
/* End PBXNativeTarget section */

/* Begin PBXProject section */
		526040C02276228D009ADBF7 /* Project object */ = {
			isa = PBXProject;
			attributes = {
				LastSwiftUpdateCheck = 1020;
				LastUpgradeCheck = 1020;
				ORGANIZATIONNAME = SunfishEmpire;
				TargetAttributes = {
					526040C72276228D009ADBF7 = {
						CreatedOnToolsVersion = 10.2.1;
					};
					526040DE2276228E009ADBF7 = {
						CreatedOnToolsVersion = 10.2.1;
						TestTargetID = 526040C72276228D009ADBF7;
					};
				};
			};
			buildConfigurationList = 526040C32276228D009ADBF7 /* Build configuration list for PBXProject "VirtualTourist" */;
			compatibilityVersion = "Xcode 9.3";
			developmentRegion = en;
			hasScannedForEncodings = 0;
			knownRegions = (
				en,
				Base,
			);
			mainGroup = 526040BF2276228D009ADBF7;
			productRefGroup = 526040C92276228D009ADBF7 /* Products */;
			projectDirPath = "";
			projectRoot = "";
			targets = (
				526040C72276228D009ADBF7 /* VirtualTourist */,
				526040DE2276228E009ADBF7 /* VirtualTouristTests */,
			);
		};
/* End PBXProject section */

/* Begin PBXResourcesBuildPhase section */
		526040C62276228D009ADBF7 /* Resources */ = {
			isa = PBXResourcesBuildPhase;
			buildActionMask = 2147483647;
			files = (
				526040D92276228E009ADBF7 /* LaunchScreen.storyboard in Resources */,
				526040D62276228E009ADBF7 /* Assets.xcassets in Resources */,
				526040D12276228D009ADBF7 /* Main.storyboard in Resources */,
			);
			runOnlyForDeploymentPostprocessing = 0;
		};
		526040DD2276228E009ADBF7 /* Resources */ = {
			isa = PBXResourcesBuildPhase;
			buildActionMask = 2147483647;
			files = (
			);
			runOnlyForDeploymentPostprocessing = 0;
		};
/* End PBXResourcesBuildPhase section */

/* Begin PBXSourcesBuildPhase section */
		526040C42276228D009ADBF7 /* Sources */ = {
			isa = PBXSourcesBuildPhase;
			buildActionMask = 2147483647;
			files = (
				526040CE2276228D009ADBF7 /* TravelLocationsViewController.swift in Sources */,
				52FC55D9229F492D00A44904 /* FlckrPhoto.swift in Sources */,
				52EDF0F622A97CBE00C8A310 /* Pin+Extensions.swift in Sources */,
				52DDF64622974297006665E9 /* PhotoCollectionViewCell.swift in Sources */,
				52FC55D1229B3F0F00A44904 /* APIKeys.swift in Sources */,
				526040CC2276228D009ADBF7 /* AppDelegate.swift in Sources */,
				526040D42276228D009ADBF7 /* VirtualTourist.xcdatamodeld in Sources */,
				52E3A1E4227CA0EB008320A0 /* PhotoAlbumViewController.swift in Sources */,
				52EDF0F822A97CD600C8A310 /* Photo+Extensions.swift in Sources */,
				52FC55D3229B4C5300A44904 /* FlickrClient.swift in Sources */,
			);
			runOnlyForDeploymentPostprocessing = 0;
		};
		526040DB2276228E009ADBF7 /* Sources */ = {
			isa = PBXSourcesBuildPhase;
			buildActionMask = 2147483647;
			files = (
				526040E42276228E009ADBF7 /* VirtualTouristTests.swift in Sources */,
			);
			runOnlyForDeploymentPostprocessing = 0;
		};
/* End PBXSourcesBuildPhase section */

/* Begin PBXTargetDependency section */
		526040E12276228E009ADBF7 /* PBXTargetDependency */ = {
			isa = PBXTargetDependency;
			target = 526040C72276228D009ADBF7 /* VirtualTourist */;
			targetProxy = 526040E02276228E009ADBF7 /* PBXContainerItemProxy */;
		};
/* End PBXTargetDependency section */

/* Begin PBXVariantGroup section */
		526040CF2276228D009ADBF7 /* Main.storyboard */ = {
			isa = PBXVariantGroup;
			children = (
				526040D02276228D009ADBF7 /* Base */,
			);
			name = Main.storyboard;
			sourceTree = "<group>";
		};
		526040D72276228E009ADBF7 /* LaunchScreen.storyboard */ = {
			isa = PBXVariantGroup;
			children = (
				526040D82276228E009ADBF7 /* Base */,
			);
			name = LaunchScreen.storyboard;
			sourceTree = "<group>";
		};
/* End PBXVariantGroup section */

/* Begin XCBuildConfiguration section */
		526040E62276228E009ADBF7 /* Debug */ = {
			isa = XCBuildConfiguration;
			buildSettings = {
				ALWAYS_SEARCH_USER_PATHS = NO;
				CLANG_ANALYZER_NONNULL = YES;
				CLANG_ANALYZER_NUMBER_OBJECT_CONVERSION = YES_AGGRESSIVE;
				CLANG_CXX_LANGUAGE_STANDARD = "gnu++14";
				CLANG_CXX_LIBRARY = "libc++";
				CLANG_ENABLE_MODULES = YES;
				CLANG_ENABLE_OBJC_ARC = YES;
				CLANG_ENABLE_OBJC_WEAK = YES;
				CLANG_WARN_BLOCK_CAPTURE_AUTORELEASING = YES;
				CLANG_WARN_BOOL_CONVERSION = YES;
				CLANG_WARN_COMMA = YES;
				CLANG_WARN_CONSTANT_CONVERSION = YES;
				CLANG_WARN_DEPRECATED_OBJC_IMPLEMENTATIONS = YES;
				CLANG_WARN_DIRECT_OBJC_ISA_USAGE = YES_ERROR;
				CLANG_WARN_DOCUMENTATION_COMMENTS = YES;
				CLANG_WARN_EMPTY_BODY = YES;
				CLANG_WARN_ENUM_CONVERSION = YES;
				CLANG_WARN_INFINITE_RECURSION = YES;
				CLANG_WARN_INT_CONVERSION = YES;
				CLANG_WARN_NON_LITERAL_NULL_CONVERSION = YES;
				CLANG_WARN_OBJC_IMPLICIT_RETAIN_SELF = YES;
				CLANG_WARN_OBJC_LITERAL_CONVERSION = YES;
				CLANG_WARN_OBJC_ROOT_CLASS = YES_ERROR;
				CLANG_WARN_RANGE_LOOP_ANALYSIS = YES;
				CLANG_WARN_STRICT_PROTOTYPES = YES;
				CLANG_WARN_SUSPICIOUS_MOVE = YES;
				CLANG_WARN_UNGUARDED_AVAILABILITY = YES_AGGRESSIVE;
				CLANG_WARN_UNREACHABLE_CODE = YES;
				CLANG_WARN__DUPLICATE_METHOD_MATCH = YES;
				CODE_SIGN_IDENTITY = "iPhone Developer";
				COPY_PHASE_STRIP = NO;
				DEBUG_INFORMATION_FORMAT = dwarf;
				ENABLE_STRICT_OBJC_MSGSEND = YES;
				ENABLE_TESTABILITY = YES;
				GCC_C_LANGUAGE_STANDARD = gnu11;
				GCC_DYNAMIC_NO_PIC = NO;
				GCC_NO_COMMON_BLOCKS = YES;
				GCC_OPTIMIZATION_LEVEL = 0;
				GCC_PREPROCESSOR_DEFINITIONS = (
					"DEBUG=1",
					"$(inherited)",
				);
				GCC_WARN_64_TO_32_BIT_CONVERSION = YES;
				GCC_WARN_ABOUT_RETURN_TYPE = YES_ERROR;
				GCC_WARN_UNDECLARED_SELECTOR = YES;
				GCC_WARN_UNINITIALIZED_AUTOS = YES_AGGRESSIVE;
				GCC_WARN_UNUSED_FUNCTION = YES;
				GCC_WARN_UNUSED_VARIABLE = YES;
				IPHONEOS_DEPLOYMENT_TARGET = 12.2;
				MTL_ENABLE_DEBUG_INFO = INCLUDE_SOURCE;
				MTL_FAST_MATH = YES;
				ONLY_ACTIVE_ARCH = YES;
				SDKROOT = iphoneos;
				SWIFT_ACTIVE_COMPILATION_CONDITIONS = DEBUG;
				SWIFT_OPTIMIZATION_LEVEL = "-Onone";
			};
			name = Debug;
		};
		526040E72276228E009ADBF7 /* Release */ = {
			isa = XCBuildConfiguration;
			buildSettings = {
				ALWAYS_SEARCH_USER_PATHS = NO;
				CLANG_ANALYZER_NONNULL = YES;
				CLANG_ANALYZER_NUMBER_OBJECT_CONVERSION = YES_AGGRESSIVE;
				CLANG_CXX_LANGUAGE_STANDARD = "gnu++14";
				CLANG_CXX_LIBRARY = "libc++";
				CLANG_ENABLE_MODULES = YES;
				CLANG_ENABLE_OBJC_ARC = YES;
				CLANG_ENABLE_OBJC_WEAK = YES;
				CLANG_WARN_BLOCK_CAPTURE_AUTORELEASING = YES;
				CLANG_WARN_BOOL_CONVERSION = YES;
				CLANG_WARN_COMMA = YES;
				CLANG_WARN_CONSTANT_CONVERSION = YES;
				CLANG_WARN_DEPRECATED_OBJC_IMPLEMENTATIONS = YES;
				CLANG_WARN_DIRECT_OBJC_ISA_USAGE = YES_ERROR;
				CLANG_WARN_DOCUMENTATION_COMMENTS = YES;
				CLANG_WARN_EMPTY_BODY = YES;
				CLANG_WARN_ENUM_CONVERSION = YES;
				CLANG_WARN_INFINITE_RECURSION = YES;
				CLANG_WARN_INT_CONVERSION = YES;
				CLANG_WARN_NON_LITERAL_NULL_CONVERSION = YES;
				CLANG_WARN_OBJC_IMPLICIT_RETAIN_SELF = YES;
				CLANG_WARN_OBJC_LITERAL_CONVERSION = YES;
				CLANG_WARN_OBJC_ROOT_CLASS = YES_ERROR;
				CLANG_WARN_RANGE_LOOP_ANALYSIS = YES;
				CLANG_WARN_STRICT_PROTOTYPES = YES;
				CLANG_WARN_SUSPICIOUS_MOVE = YES;
				CLANG_WARN_UNGUARDED_AVAILABILITY = YES_AGGRESSIVE;
				CLANG_WARN_UNREACHABLE_CODE = YES;
				CLANG_WARN__DUPLICATE_METHOD_MATCH = YES;
				CODE_SIGN_IDENTITY = "iPhone Developer";
				COPY_PHASE_STRIP = NO;
				DEBUG_INFORMATION_FORMAT = "dwarf-with-dsym";
				ENABLE_NS_ASSERTIONS = NO;
				ENABLE_STRICT_OBJC_MSGSEND = YES;
				GCC_C_LANGUAGE_STANDARD = gnu11;
				GCC_NO_COMMON_BLOCKS = YES;
				GCC_WARN_64_TO_32_BIT_CONVERSION = YES;
				GCC_WARN_ABOUT_RETURN_TYPE = YES_ERROR;
				GCC_WARN_UNDECLARED_SELECTOR = YES;
				GCC_WARN_UNINITIALIZED_AUTOS = YES_AGGRESSIVE;
				GCC_WARN_UNUSED_FUNCTION = YES;
				GCC_WARN_UNUSED_VARIABLE = YES;
				IPHONEOS_DEPLOYMENT_TARGET = 12.2;
				MTL_ENABLE_DEBUG_INFO = NO;
				MTL_FAST_MATH = YES;
				SDKROOT = iphoneos;
				SWIFT_COMPILATION_MODE = wholemodule;
				SWIFT_OPTIMIZATION_LEVEL = "-O";
				VALIDATE_PRODUCT = YES;
			};
			name = Release;
		};
		526040E92276228E009ADBF7 /* Debug */ = {
			isa = XCBuildConfiguration;
			buildSettings = {
				ASSETCATALOG_COMPILER_APPICON_NAME = AppIcon;
				CODE_SIGN_STYLE = Automatic;
				DEVELOPMENT_TEAM = K97KHP3ZWG;
				INFOPLIST_FILE = VirtualTourist/Info.plist;
				LD_RUNPATH_SEARCH_PATHS = (
					"$(inherited)",
					"@executable_path/Frameworks",
				);
				PRODUCT_BUNDLE_IDENTIFIER = com.sunfishempire.VirtualTourist;
				PRODUCT_NAME = "$(TARGET_NAME)";
				SWIFT_VERSION = 5.0;
				TARGETED_DEVICE_FAMILY = "1,2";
			};
			name = Debug;
		};
		526040EA2276228E009ADBF7 /* Release */ = {
			isa = XCBuildConfiguration;
			buildSettings = {
				ASSETCATALOG_COMPILER_APPICON_NAME = AppIcon;
				CODE_SIGN_STYLE = Automatic;
				DEVELOPMENT_TEAM = K97KHP3ZWG;
				INFOPLIST_FILE = VirtualTourist/Info.plist;
				LD_RUNPATH_SEARCH_PATHS = (
					"$(inherited)",
					"@executable_path/Frameworks",
				);
				PRODUCT_BUNDLE_IDENTIFIER = com.sunfishempire.VirtualTourist;
				PRODUCT_NAME = "$(TARGET_NAME)";
				SWIFT_VERSION = 5.0;
				TARGETED_DEVICE_FAMILY = "1,2";
			};
			name = Release;
		};
		526040EC2276228E009ADBF7 /* Debug */ = {
			isa = XCBuildConfiguration;
			buildSettings = {
				ALWAYS_EMBED_SWIFT_STANDARD_LIBRARIES = YES;
				BUNDLE_LOADER = "$(TEST_HOST)";
				CODE_SIGN_STYLE = Automatic;
				DEVELOPMENT_TEAM = K97KHP3ZWG;
				INFOPLIST_FILE = VirtualTouristTests/Info.plist;
				LD_RUNPATH_SEARCH_PATHS = (
					"$(inherited)",
					"@executable_path/Frameworks",
					"@loader_path/Frameworks",
				);
				PRODUCT_BUNDLE_IDENTIFIER = com.sunfishempire.VirtualTouristTests;
				PRODUCT_NAME = "$(TARGET_NAME)";
				SWIFT_VERSION = 5.0;
				TARGETED_DEVICE_FAMILY = "1,2";
				TEST_HOST = "$(BUILT_PRODUCTS_DIR)/VirtualTourist.app/VirtualTourist";
			};
			name = Debug;
		};
		526040ED2276228E009ADBF7 /* Release */ = {
			isa = XCBuildConfiguration;
			buildSettings = {
				ALWAYS_EMBED_SWIFT_STANDARD_LIBRARIES = YES;
				BUNDLE_LOADER = "$(TEST_HOST)";
				CODE_SIGN_STYLE = Automatic;
				DEVELOPMENT_TEAM = K97KHP3ZWG;
				INFOPLIST_FILE = VirtualTouristTests/Info.plist;
				LD_RUNPATH_SEARCH_PATHS = (
					"$(inherited)",
					"@executable_path/Frameworks",
					"@loader_path/Frameworks",
				);
				PRODUCT_BUNDLE_IDENTIFIER = com.sunfishempire.VirtualTouristTests;
				PRODUCT_NAME = "$(TARGET_NAME)";
				SWIFT_VERSION = 5.0;
				TARGETED_DEVICE_FAMILY = "1,2";
				TEST_HOST = "$(BUILT_PRODUCTS_DIR)/VirtualTourist.app/VirtualTourist";
			};
			name = Release;
		};
/* End XCBuildConfiguration section */

/* Begin XCConfigurationList section */
		526040C32276228D009ADBF7 /* Build configuration list for PBXProject "VirtualTourist" */ = {
			isa = XCConfigurationList;
			buildConfigurations = (
				526040E62276228E009ADBF7 /* Debug */,
				526040E72276228E009ADBF7 /* Release */,
			);
			defaultConfigurationIsVisible = 0;
			defaultConfigurationName = Release;
		};
		526040E82276228E009ADBF7 /* Build configuration list for PBXNativeTarget "VirtualTourist" */ = {
			isa = XCConfigurationList;
			buildConfigurations = (
				526040E92276228E009ADBF7 /* Debug */,
				526040EA2276228E009ADBF7 /* Release */,
			);
			defaultConfigurationIsVisible = 0;
			defaultConfigurationName = Release;
		};
		526040EB2276228E009ADBF7 /* Build configuration list for PBXNativeTarget "VirtualTouristTests" */ = {
			isa = XCConfigurationList;
			buildConfigurations = (
				526040EC2276228E009ADBF7 /* Debug */,
				526040ED2276228E009ADBF7 /* Release */,
			);
			defaultConfigurationIsVisible = 0;
			defaultConfigurationName = Release;
		};
/* End XCConfigurationList section */

/* Begin XCVersionGroup section */
		526040D22276228D009ADBF7 /* VirtualTourist.xcdatamodeld */ = {
			isa = XCVersionGroup;
			children = (
				526040D32276228D009ADBF7 /* VirtualTourist.xcdatamodel */,
			);
			currentVersion = 526040D32276228D009ADBF7 /* VirtualTourist.xcdatamodel */;
			path = VirtualTourist.xcdatamodeld;
			sourceTree = "<group>";
			versionGroupType = wrapper.xcdatamodel;
		};
/* End XCVersionGroup section */
	};
	rootObject = 526040C02276228D009ADBF7 /* Project object */;
}
